Microsoft Visual Studio Solution File, Format Version 12.00
# Visual Studio Version 17
VisualStudioVersion = 17.0.31903.59
MinimumVisualStudioVersion = 10.0.40219.1
Project("{FAE04EC0-301F-11D3-BF4B-00C04F79EFBC}") = "Archiver.Domain", "src\Archiver.Domain\Archiver.Domain.csproj", "{6E25F29B-C8F3-4E8D-B466-88551430D6C7}"
EndProject
Project("{FAE04EC0-301F-11D3-BF4B-00C04F79EFBC}") = "Archiver.Application", "src\Archiver.Application\Archiver.Application.csproj", "{63077F99-490F-41BD-83D7-A1EBEC627310}"
EndProject
Project("{FAE04EC0-301F-11D3-BF4B-00C04F79EFBC}") = "Archiver.Infrastructure", "src\Archiver.Infrastructure\Archiver.Infrastructure.csproj", "{9F9939BC-1136-43C1-BDAC-645B8C596309}"
EndProject
Project("{FAE04EC0-301F-11D3-BF4B-00C04F79EFBC}") = "Archiver.Api", "src\Archiver.Api\Archiver.Api.csproj", "{1A030D93-F224-44EE-BED0-4E1C3DC78D3C}"
EndProject
Global
	GlobalSection(SolutionConfigurationPlatforms) = preSolution
		Debug|Any CPU = Debug|Any CPU
		Release|Any CPU = Release|Any CPU
	EndGlobalSection
	GlobalSection(ProjectConfigurationPlatforms) = postSolution
		{6E25F29B-C8F3-4E8D-B466-88551430D6C7}.Debug|Any CPU.ActiveCfg = Debug|Any CPU
		{6E25F29B-C8F3-4E8D-B466-88551430D6C7}.Debug|Any CPU.Build.0 = Debug|Any CPU
		{6E25F29B-C8F3-4E8D-B466-88551430D6C7}.Release|Any CPU.ActiveCfg = Release|Any CPU
		{6E25F29B-C8F3-4E8D-B466-88551430D6C7}.Release|Any CPU.Build.0 = Release|Any CPU
		{63077F99-490F-41BD-83D7-A1EBEC627310}.Debug|Any CPU.ActiveCfg = Debug|Any CPU
		{63077F99-490F-41BD-83D7-A1EBEC627310}.Debug|Any CPU.Build.0 = Debug|Any CPU
		{63077F99-490F-41BD-83D7-A1EBEC627310}.Release|Any CPU.ActiveCfg = Release|Any CPU
		{63077F99-490F-41BD-83D7-A1EBEC627310}.Release|Any CPU.Build.0 = Release|Any CPU
		{9F9939BC-1136-43C1-BDAC-645B8C596309}.Debug|Any CPU.ActiveCfg = Debug|Any CPU
		{9F9939BC-1136-43C1-BDAC-645B8C596309}.Debug|Any CPU.Build.0 = Debug|Any CPU
		{9F9939BC-1136-43C1-BDAC-645B8C596309}.Release|Any CPU.ActiveCfg = Release|Any CPU
		{9F9939BC-1136-43C1-BDAC-645B8C596309}.Release|Any CPU.Build.0 = Release|Any CPU
		{1A030D93-F224-44EE-BED0-4E1C3DC78D3C}.Debug|Any CPU.ActiveCfg = Debug|Any CPU
		{1A030D93-F224-44EE-BED0-4E1C3DC78D3C}.Debug|Any CPU.Build.0 = Debug|Any CPU
		{1A030D93-F224-44EE-BED0-4E1C3DC78D3C}.Release|Any CPU.ActiveCfg = Release|Any CPU
		{1A030D93-F224-44EE-BED0-4E1C3DC78D3C}.Release|Any CPU.Build.0 = Release|Any CPU
	EndGlobalSection
EndGlobal
